// !$*UTF8*$!
{
	archiveVersion = 1;
	classes = {
	};
	objectVersion = 55;
	objects = {

/* Begin PBXBuildFile section */
		64074648286D6ACD00941D38 /* Synthesizer.swift in Sources */ = {isa = PBXBuildFile; fileRef = 64074647286D6ACD00941D38 /* Synthesizer.swift */; };
		6407466E286D887700941D38 /* CardCollectionViewCell.swift in Sources */ = {isa = PBXBuildFile; fileRef = 6407466D286D887700941D38 /* CardCollectionViewCell.swift */; };
		64074670286D888400941D38 /* CardCollectionViewCCollectionViewController.swift in Sources */ = {isa = PBXBuildFile; fileRef = 6407466F286D888400941D38 /* CardCollectionViewCCollectionViewController.swift */; };
		64074672286D8E2200941D38 /* Spinner.swift in Sources */ = {isa = PBXBuildFile; fileRef = 64074671286D8E2200941D38 /* Spinner.swift */; };
		6414C6EF28702D07008A40FA /* MemoryGameCollectionViewController.swift in Sources */ = {isa = PBXBuildFile; fileRef = 6414C6EE28702D07008A40FA /* MemoryGameCollectionViewController.swift */; };
		6414C6F128702E72008A40FA /* MemoryGameCollectionViewCell.swift in Sources */ = {isa = PBXBuildFile; fileRef = 6414C6F028702E72008A40FA /* MemoryGameCollectionViewCell.swift */; };
		6414C6F328707DF3008A40FA /* MemoryGameSettingViewController.swift in Sources */ = {isa = PBXBuildFile; fileRef = 6414C6F228707DF3008A40FA /* MemoryGameSettingViewController.swift */; };
		6414C6F52870812E008A40FA /* MemoryGameCollectionReusableView.swift in Sources */ = {isa = PBXBuildFile; fileRef = 6414C6F42870812E008A40FA /* MemoryGameCollectionReusableView.swift */; };
		641702C82872A11500DE9016 /* Save.swift in Sources */ = {isa = PBXBuildFile; fileRef = 641702C72872A11500DE9016 /* Save.swift */; };
		641702CA2872A8E800DE9016 /* TapMowGameViewController.swift in Sources */ = {isa = PBXBuildFile; fileRef = 641702C92872A8E800DE9016 /* TapMowGameViewController.swift */; };
		641702CC2872A9A600DE9016 /* TapMowGameCollectionViewCell.swift in Sources */ = {isa = PBXBuildFile; fileRef = 641702CB2872A9A600DE9016 /* TapMowGameCollectionViewCell.swift */; };
		641702D02872AC9A00DE9016 /* TapMowGameSettingViewController.swift in Sources */ = {isa = PBXBuildFile; fileRef = 641702CF2872AC9A00DE9016 /* TapMowGameSettingViewController.swift */; };
		6421B45C2873EDC3006E56BA /* SpellingGameViewController.swift in Sources */ = {isa = PBXBuildFile; fileRef = 6421B45B2873EDC3006E56BA /* SpellingGameViewController.swift */; };
		6421B45E2873FFCD006E56BA /* SpellingGameSettingViewController.swift in Sources */ = {isa = PBXBuildFile; fileRef = 6421B45D2873FFCD006E56BA /* SpellingGameSettingViewController.swift */; };
		6426FDBC286EB4FA00B99293 /* Questions.swift in Sources */ = {isa = PBXBuildFile; fileRef = 6426FDBB286EB4FA00B99293 /* Questions.swift */; };
		6426FDBE286EBA9600B99293 /* ChooseEditViewController.swift in Sources */ = {isa = PBXBuildFile; fileRef = 6426FDBD286EBA9600B99293 /* ChooseEditViewController.swift */; };
		6426FDC0286EBB5900B99293 /* TestViewController.swift in Sources */ = {isa = PBXBuildFile; fileRef = 6426FDBF286EBB5900B99293 /* TestViewController.swift */; };
		6426FDC2286EC53A00B99293 /* ChoosingTestViewController.swift in Sources */ = {isa = PBXBuildFile; fileRef = 6426FDC1286EC53A00B99293 /* ChoosingTestViewController.swift */; };
		6426FDC4286EDD1700B99293 /* SpellingEditingViewController.swift in Sources */ = {isa = PBXBuildFile; fileRef = 6426FDC3286EDD1700B99293 /* SpellingEditingViewController.swift */; };
		6426FDC6286EE74100B99293 /* SpellingTestViewController.swift in Sources */ = {isa = PBXBuildFile; fileRef = 6426FDC5286EE74100B99293 /* SpellingTestViewController.swift */; };
		646FA1B7286C5759007FE487 /* CollectionTableViewCell.swift in Sources */ = {isa = PBXBuildFile; fileRef = 646FA1B6286C5759007FE487 /* CollectionTableViewCell.swift */; };
		646FA1B9286C5774007FE487 /* CollectionTableViewController.swift in Sources */ = {isa = PBXBuildFile; fileRef = 646FA1B8286C5774007FE487 /* CollectionTableViewController.swift */; };
		647C686D286AE155004E745C /* AppDelegate.swift in Sources */ = {isa = PBXBuildFile; fileRef = 647C686C286AE155004E745C /* AppDelegate.swift */; };
		647C686F286AE155004E745C /* SceneDelegate.swift in Sources */ = {isa = PBXBuildFile; fileRef = 647C686E286AE155004E745C /* SceneDelegate.swift */; };
		647C6871286AE155004E745C /* ViewController.swift in Sources */ = {isa = PBXBuildFile; fileRef = 647C6870286AE155004E745C /* ViewController.swift */; };
		647C6874286AE155004E745C /* Main.storyboard in Resources */ = {isa = PBXBuildFile; fileRef = 647C6872286AE155004E745C /* Main.storyboard */; };
		647C6876286AE157004E745C /* Assets.xcassets in Resources */ = {isa = PBXBuildFile; fileRef = 647C6875286AE157004E745C /* Assets.xcassets */; };
		647C6879286AE157004E745C /* LaunchScreen.storyboard in Resources */ = {isa = PBXBuildFile; fileRef = 647C6877286AE157004E745C /* LaunchScreen.storyboard */; };
		647C689D286AE3DF004E745C /* J.txt in Resources */ = {isa = PBXBuildFile; fileRef = 647C6883286AE3DF004E745C /* J.txt */; };
		647C689E286AE3DF004E745C /* K.txt in Resources */ = {isa = PBXBuildFile; fileRef = 647C6884286AE3DF004E745C /* K.txt */; };
		647C689F286AE3DF004E745C /* I.txt in Resources */ = {isa = PBXBuildFile; fileRef = 647C6885286AE3DF004E745C /* I.txt */; };
		647C68A0286AE3DF004E745C /* H.txt in Resources */ = {isa = PBXBuildFile; fileRef = 647C6886286AE3DF004E745C /* H.txt */; };
		647C68A1286AE3DF004E745C /* L.txt in Resources */ = {isa = PBXBuildFile; fileRef = 647C6887286AE3DF004E745C /* L.txt */; };
		647C68A2286AE3DF004E745C /* Z.txt in Resources */ = {isa = PBXBuildFile; fileRef = 647C6888286AE3DF004E745C /* Z.txt */; };
		647C68A3286AE3DF004E745C /* M.txt in Resources */ = {isa = PBXBuildFile; fileRef = 647C6889286AE3DF004E745C /* M.txt */; };
		647C68A4286AE3DF004E745C /* O.txt in Resources */ = {isa = PBXBuildFile; fileRef = 647C688A286AE3DF004E745C /* O.txt */; };
		647C68A5286AE3DF004E745C /* X.txt in Resources */ = {isa = PBXBuildFile; fileRef = 647C688B286AE3DF004E745C /* X.txt */; };
		647C68A6286AE3DF004E745C /* Y.txt in Resources */ = {isa = PBXBuildFile; fileRef = 647C688C286AE3DF004E745C /* Y.txt */; };
		647C68A7286AE3DF004E745C /* N.txt in Resources */ = {isa = PBXBuildFile; fileRef = 647C688D286AE3DF004E745C /* N.txt */; };
		647C68A8286AE3DF004E745C /* C.txt in Resources */ = {isa = PBXBuildFile; fileRef = 647C688E286AE3DF004E745C /* C.txt */; };
		647C68A9286AE3DF004E745C /* T.txt in Resources */ = {isa = PBXBuildFile; fileRef = 647C688F286AE3DF004E745C /* T.txt */; };
		647C68AA286AE3DF004E745C /* U.txt in Resources */ = {isa = PBXBuildFile; fileRef = 647C6890286AE3DF004E745C /* U.txt */; };
		647C68AB286AE3DF004E745C /* B.txt in Resources */ = {isa = PBXBuildFile; fileRef = 647C6891286AE3DF004E745C /* B.txt */; };
		647C68AC286AE3DF004E745C /* W.txt in Resources */ = {isa = PBXBuildFile; fileRef = 647C6892286AE3DF004E745C /* W.txt */; };
		647C68AD286AE3DF004E745C /* V.txt in Resources */ = {isa = PBXBuildFile; fileRef = 647C6893286AE3DF004E745C /* V.txt */; };
		647C68AE286AE3DF004E745C /* A.txt in Resources */ = {isa = PBXBuildFile; fileRef = 647C6894286AE3DF004E745C /* A.txt */; };
		647C68AF286AE3DF004E745C /* R.txt in Resources */ = {isa = PBXBuildFile; fileRef = 647C6895286AE3DF004E745C /* R.txt */; };
		647C68B0286AE3DF004E745C /* E.txt in Resources */ = {isa = PBXBuildFile; fileRef = 647C6896286AE3DF004E745C /* E.txt */; };
		647C68B1286AE3DF004E745C /* D.txt in Resources */ = {isa = PBXBuildFile; fileRef = 647C6897286AE3DF004E745C /* D.txt */; };
		647C68B2286AE3DF004E745C /* S.txt in Resources */ = {isa = PBXBuildFile; fileRef = 647C6898286AE3DF004E745C /* S.txt */; };
		647C68B3286AE3DF004E745C /* Q.txt in Resources */ = {isa = PBXBuildFile; fileRef = 647C6899286AE3DF004E745C /* Q.txt */; };
		647C68B4286AE3DF004E745C /* F.txt in Resources */ = {isa = PBXBuildFile; fileRef = 647C689A286AE3DF004E745C /* F.txt */; };
		647C68B5286AE3DF004E745C /* G.txt in Resources */ = {isa = PBXBuildFile; fileRef = 647C689B286AE3DF004E745C /* G.txt */; };
		647C68B6286AE3DF004E745C /* P.txt in Resources */ = {isa = PBXBuildFile; fileRef = 647C689C286AE3DF004E745C /* P.txt */; };
		647C68B8286AF63F004E745C /* Vocabularies.swift in Sources */ = {isa = PBXBuildFile; fileRef = 647C68B7286AF63F004E745C /* Vocabularies.swift */; };
		647C68BA286B03D3004E745C /* AlphabetsViewController.swift in Sources */ = {isa = PBXBuildFile; fileRef = 647C68B9286B03D3004E745C /* AlphabetsViewController.swift */; };
		647C68BC286B101D004E745C /* VocListTableViewController.swift in Sources */ = {isa = PBXBuildFile; fileRef = 647C68BB286B101D004E745C /* VocListTableViewController.swift */; };
		647C68BE286B10BE004E745C /* VocListTableViewCell.swift in Sources */ = {isa = PBXBuildFile; fileRef = 647C68BD286B10BE004E745C /* VocListTableViewCell.swift */; };
/* End PBXBuildFile section */

/* Begin PBXFileReference section */
		64074647286D6ACD00941D38 /* Synthesizer.swift */ = {isa = PBXFileReference; lastKnownFileType = sourcecode.swift; path = Synthesizer.swift; sourceTree = "<group>"; };
		6407466D286D887700941D38 /* CardCollectionViewCell.swift */ = {isa = PBXFileReference; lastKnownFileType = sourcecode.swift; path = CardCollectionViewCell.swift; sourceTree = "<group>"; };
		6407466F286D888400941D38 /* CardCollectionViewCCollectionViewController.swift */ = {isa = PBXFileReference; lastKnownFileType = sourcecode.swift; path = CardCollectionViewCCollectionViewController.swift; sourceTree = "<group>"; };
		64074671286D8E2200941D38 /* Spinner.swift */ = {isa = PBXFileReference; lastKnownFileType = sourcecode.swift; path = Spinner.swift; sourceTree = "<group>"; };
		6414C6EE28702D07008A40FA /* MemoryGameCollectionViewController.swift */ = {isa = PBXFileReference; lastKnownFileType = sourcecode.swift; path = MemoryGameCollectionViewController.swift; sourceTree = "<group>"; };
		6414C6F028702E72008A40FA /* MemoryGameCollectionViewCell.swift */ = {isa = PBXFileReference; lastKnownFileType = sourcecode.swift; path = MemoryGameCollectionViewCell.swift; sourceTree = "<group>"; };
		6414C6F228707DF3008A40FA /* MemoryGameSettingViewController.swift */ = {isa = PBXFileReference; lastKnownFileType = sourcecode.swift; path = MemoryGameSettingViewController.swift; sourceTree = "<group>"; };
		6414C6F42870812E008A40FA /* MemoryGameCollectionReusableView.swift */ = {isa = PBXFileReference; lastKnownFileType = sourcecode.swift; path = MemoryGameCollectionReusableView.swift; sourceTree = "<group>"; };
		641702C72872A11500DE9016 /* Save.swift */ = {isa = PBXFileReference; lastKnownFileType = sourcecode.swift; path = Save.swift; sourceTree = "<group>"; };
		641702C92872A8E800DE9016 /* TapMowGameViewController.swift */ = {isa = PBXFileReference; lastKnownFileType = sourcecode.swift; path = TapMowGameViewController.swift; sourceTree = "<group>"; };
		641702CB2872A9A600DE9016 /* TapMowGameCollectionViewCell.swift */ = {isa = PBXFileReference; lastKnownFileType = sourcecode.swift; path = TapMowGameCollectionViewCell.swift; sourceTree = "<group>"; };
		641702CF2872AC9A00DE9016 /* TapMowGameSettingViewController.swift */ = {isa = PBXFileReference; lastKnownFileType = sourcecode.swift; path = TapMowGameSettingViewController.swift; sourceTree = "<group>"; };
		6421B45B2873EDC3006E56BA /* SpellingGameViewController.swift */ = {isa = PBXFileReference; lastKnownFileType = sourcecode.swift; path = SpellingGameViewController.swift; sourceTree = "<group>"; };
		6421B45D2873FFCD006E56BA /* SpellingGameSettingViewController.swift */ = {isa = PBXFileReference; lastKnownFileType = sourcecode.swift; path = SpellingGameSettingViewController.swift; sourceTree = "<group>"; };
		6426FDBB286EB4FA00B99293 /* Questions.swift */ = {isa = PBXFileReference; lastKnownFileType = sourcecode.swift; path = Questions.swift; sourceTree = "<group>"; };
		6426FDBD286EBA9600B99293 /* ChooseEditViewController.swift */ = {isa = PBXFileReference; lastKnownFileType = sourcecode.swift; path = ChooseEditViewController.swift; sourceTree = "<group>"; };
		6426FDBF286EBB5900B99293 /* TestViewController.swift */ = {isa = PBXFileReference; lastKnownFileType = sourcecode.swift; path = TestViewController.swift; sourceTree = "<group>"; };
		6426FDC1286EC53A00B99293 /* ChoosingTestViewController.swift */ = {isa = PBXFileReference; lastKnownFileType = sourcecode.swift; path = ChoosingTestViewController.swift; sourceTree = "<group>"; };
		6426FDC3286EDD1700B99293 /* SpellingEditingViewController.swift */ = {isa = PBXFileReference; lastKnownFileType = sourcecode.swift; path = SpellingEditingViewController.swift; sourceTree = "<group>"; };
		6426FDC5286EE74100B99293 /* SpellingTestViewController.swift */ = {isa = PBXFileReference; lastKnownFileType = sourcecode.swift; path = SpellingTestViewController.swift; sourceTree = "<group>"; };
		646FA1B6286C5759007FE487 /* CollectionTableViewCell.swift */ = {isa = PBXFileReference; lastKnownFileType = sourcecode.swift; path = CollectionTableViewCell.swift; sourceTree = "<group>"; };
		646FA1B8286C5774007FE487 /* CollectionTableViewController.swift */ = {isa = PBXFileReference; lastKnownFileType = sourcecode.swift; path = CollectionTableViewController.swift; sourceTree = "<group>"; };
		647C6869286AE155004E745C /* Vocabulary App.app */ = {isa = PBXFileReference; explicitFileType = wrapper.application; includeInIndex = 0; path = "Vocabulary App.app"; sourceTree = BUILT_PRODUCTS_DIR; };
		647C686C286AE155004E745C /* AppDelegate.swift */ = {isa = PBXFileReference; lastKnownFileType = sourcecode.swift; path = AppDelegate.swift; sourceTree = "<group>"; };
		647C686E286AE155004E745C /* SceneDelegate.swift */ = {isa = PBXFileReference; lastKnownFileType = sourcecode.swift; path = SceneDelegate.swift; sourceTree = "<group>"; };
		647C6870286AE155004E745C /* ViewController.swift */ = {isa = PBXFileReference; lastKnownFileType = sourcecode.swift; path = ViewController.swift; sourceTree = "<group>"; };
		647C6873286AE155004E745C /* Base */ = {isa = PBXFileReference; lastKnownFileType = file.storyboard; name = Base; path = Base.lproj/Main.storyboard; sourceTree = "<group>"; };
		647C6875286AE157004E745C /* Assets.xcassets */ = {isa = PBXFileReference; lastKnownFileType = folder.assetcatalog; path = Assets.xcassets; sourceTree = "<group>"; };
		647C6878286AE157004E745C /* Base */ = {isa = PBXFileReference; lastKnownFileType = file.storyboard; name = Base; path = Base.lproj/LaunchScreen.storyboard; sourceTree = "<group>"; };
		647C687A286AE157004E745C /* Info.plist */ = {isa = PBXFileReference; lastKnownFileType = text.plist.xml; path = Info.plist; sourceTree = "<group>"; };
		647C6883286AE3DF004E745C /* J.txt */ = {isa = PBXFileReference; fileEncoding = 4; lastKnownFileType = text; path = J.txt; sourceTree = "<group>"; };
		647C6884286AE3DF004E745C /* K.txt */ = {isa = PBXFileReference; fileEncoding = 4; lastKnownFileType = text; path = K.txt; sourceTree = "<group>"; };
		647C6885286AE3DF004E745C /* I.txt */ = {isa = PBXFileReference; fileEncoding = 4; lastKnownFileType = text; path = I.txt; sourceTree = "<group>"; };
		647C6886286AE3DF004E745C /* H.txt */ = {isa = PBXFileReference; fileEncoding = 4; lastKnownFileType = text; path = H.txt; sourceTree = "<group>"; };
		647C6887286AE3DF004E745C /* L.txt */ = {isa = PBXFileReference; fileEncoding = 4; lastKnownFileType = text; path = L.txt; sourceTree = "<group>"; };
		647C6888286AE3DF004E745C /* Z.txt */ = {isa = PBXFileReference; fileEncoding = 4; lastKnownFileType = text; path = Z.txt; sourceTree = "<group>"; };
		647C6889286AE3DF004E745C /* M.txt */ = {isa = PBXFileReference; fileEncoding = 4; lastKnownFileType = text; path = M.txt; sourceTree = "<group>"; };
		647C688A286AE3DF004E745C /* O.txt */ = {isa = PBXFileReference; fileEncoding = 4; lastKnownFileType = text; path = O.txt; sourceTree = "<group>"; };
		647C688B286AE3DF004E745C /* X.txt */ = {isa = PBXFileReference; fileEncoding = 4; lastKnownFileType = text; path = X.txt; sourceTree = "<group>"; };
		647C688C286AE3DF004E745C /* Y.txt */ = {isa = PBXFileReference; fileEncoding = 4; lastKnownFileType = text; path = Y.txt; sourceTree = "<group>"; };
		647C688D286AE3DF004E745C /* N.txt */ = {isa = PBXFileReference; fileEncoding = 4; lastKnownFileType = text; path = N.txt; sourceTree = "<group>"; };
		647C688E286AE3DF004E745C /* C.txt */ = {isa = PBXFileReference; fileEncoding = 4; lastKnownFileType = text; path = C.txt; sourceTree = "<group>"; };
		647C688F286AE3DF004E745C /* T.txt */ = {isa = PBXFileReference; fileEncoding = 4; lastKnownFileType = text; path = T.txt; sourceTree = "<group>"; };
		647C6890286AE3DF004E745C /* U.txt */ = {isa = PBXFileReference; fileEncoding = 4; lastKnownFileType = text; path = U.txt; sourceTree = "<group>"; };
		647C6891286AE3DF004E745C /* B.txt */ = {isa = PBXFileReference; fileEncoding = 4; lastKnownFileType = text; path = B.txt; sourceTree = "<group>"; };
		647C6892286AE3DF004E745C /* W.txt */ = {isa = PBXFileReference; fileEncoding = 4; lastKnownFileType = text; path = W.txt; sourceTree = "<group>"; };
		647C6893286AE3DF004E745C /* V.txt */ = {isa = PBXFileReference; fileEncoding = 4; lastKnownFileType = text; path = V.txt; sourceTree = "<group>"; };
		647C6894286AE3DF004E745C /* A.txt */ = {isa = PBXFileReference; fileEncoding = 4; lastKnownFileType = text; path = A.txt; sourceTree = "<group>"; };
		647C6895286AE3DF004E745C /* R.txt */ = {isa = PBXFileReference; fileEncoding = 4; lastKnownFileType = text; path = R.txt; sourceTree = "<group>"; };
		647C6896286AE3DF004E745C /* E.txt */ = {isa = PBXFileReference; fileEncoding = 4; lastKnownFileType = text; path = E.txt; sourceTree = "<group>"; };
		647C6897286AE3DF004E745C /* D.txt */ = {isa = PBXFileReference; fileEncoding = 4; lastKnownFileType = text; path = D.txt; sourceTree = "<group>"; };
		647C6898286AE3DF004E745C /* S.txt */ = {isa = PBXFileReference; fileEncoding = 4; lastKnownFileType = text; path = S.txt; sourceTree = "<group>"; };
		647C6899286AE3DF004E745C /* Q.txt */ = {isa = PBXFileReference; fileEncoding = 4; lastKnownFileType = text; path = Q.txt; sourceTree = "<group>"; };
		647C689A286AE3DF004E745C /* F.txt */ = {isa = PBXFileReference; fileEncoding = 4; lastKnownFileType = text; path = F.txt; sourceTree = "<group>"; };
		647C689B286AE3DF004E745C /* G.txt */ = {isa = PBXFileReference; fileEncoding = 4; lastKnownFileType = text; path = G.txt; sourceTree = "<group>"; };
		647C689C286AE3DF004E745C /* P.txt */ = {isa = PBXFileReference; fileEncoding = 4; lastKnownFileType = text; path = P.txt; sourceTree = "<group>"; };
		647C68B7286AF63F004E745C /* Vocabularies.swift */ = {isa = PBXFileReference; lastKnownFileType = sourcecode.swift; path = Vocabularies.swift; sourceTree = "<group>"; };
		647C68B9286B03D3004E745C /* AlphabetsViewController.swift */ = {isa = PBXFileReference; lastKnownFileType = sourcecode.swift; path = AlphabetsViewController.swift; sourceTree = "<group>"; };
		647C68BB286B101D004E745C /* VocListTableViewController.swift */ = {isa = PBXFileReference; lastKnownFileType = sourcecode.swift; path = VocListTableViewController.swift; sourceTree = "<group>"; };
		647C68BD286B10BE004E745C /* VocListTableViewCell.swift */ = {isa = PBXFileReference; lastKnownFileType = sourcecode.swift; path = VocListTableViewCell.swift; sourceTree = "<group>"; };
/* End PBXFileReference section */

/* Begin PBXFrameworksBuildPhase section */
		647C6866286AE155004E745C /* Frameworks */ = {
			isa = PBXFrameworksBuildPhase;
			buildActionMask = 2147483647;
			files = (
			);
			runOnlyForDeploymentPostprocessing = 0;
		};
/* End PBXFrameworksBuildPhase section */

/* Begin PBXGroup section */
		6421B4582873E79F006E56BA /* Games */ = {
			isa = PBXGroup;
			children = (
				6447535A28758F9E008D73FC /* Spelling Game */,
				6421B45A2873E7C0006E56BA /* Mow Game */,
				6421B4592873E7A7006E56BA /* Memory Game */,
			);
			path = Games;
			sourceTree = "<group>";
		};
		6421B4592873E7A7006E56BA /* Memory Game */ = {
			isa = PBXGroup;
			children = (
				6414C6F42870812E008A40FA /* MemoryGameCollectionReusableView.swift */,
				6414C6F228707DF3008A40FA /* MemoryGameSettingViewController.swift */,
				6414C6EE28702D07008A40FA /* MemoryGameCollectionViewController.swift */,
				6414C6F028702E72008A40FA /* MemoryGameCollectionViewCell.swift */,
			);
			path = "Memory Game";
			sourceTree = "<group>";
		};
		6421B45A2873E7C0006E56BA /* Mow Game */ = {
			isa = PBXGroup;
			children = (
				641702C92872A8E800DE9016 /* TapMowGameViewController.swift */,
				641702CF2872AC9A00DE9016 /* TapMowGameSettingViewController.swift */,
				641702CB2872A9A600DE9016 /* TapMowGameCollectionViewCell.swift */,
			);
			path = "Mow Game";
			sourceTree = "<group>";
		};
		6426FDC7286F165C00B99293 /* Voc List */ = {
			isa = PBXGroup;
			children = (
				647C68BB286B101D004E745C /* VocListTableViewController.swift */,
				647C68BD286B10BE004E745C /* VocListTableViewCell.swift */,
				647C68B9286B03D3004E745C /* AlphabetsViewController.swift */,
			);
			path = "Voc List";
			sourceTree = "<group>";
		};
		6426FDC8286F167400B99293 /* Voc Test */ = {
			isa = PBXGroup;
			children = (
				6426FDBB286EB4FA00B99293 /* Questions.swift */,
				6426FDBF286EBB5900B99293 /* TestViewController.swift */,
				6426FDBD286EBA9600B99293 /* ChooseEditViewController.swift */,
				6426FDC1286EC53A00B99293 /* ChoosingTestViewController.swift */,
				6426FDC3286EDD1700B99293 /* SpellingEditingViewController.swift */,
				6426FDC5286EE74100B99293 /* SpellingTestViewController.swift */,
			);
			path = "Voc Test";
			sourceTree = "<group>";
		};
		6447535A28758F9E008D73FC /* Spelling Game */ = {
			isa = PBXGroup;
			children = (
				6421B45B2873EDC3006E56BA /* SpellingGameViewController.swift */,
				6421B45D2873FFCD006E56BA /* SpellingGameSettingViewController.swift */,
			);
			path = "Spelling Game";
			sourceTree = "<group>";
		};
		647C6860286AE155004E745C = {
			isa = PBXGroup;
			children = (
				647C686B286AE155004E745C /* Vocabulary App */,
				647C686A286AE155004E745C /* Products */,
			);
			sourceTree = "<group>";
		};
		647C686A286AE155004E745C /* Products */ = {
			isa = PBXGroup;
			children = (
				647C6869286AE155004E745C /* Vocabulary App.app */,
			);
			name = Products;
			sourceTree = "<group>";
		};
		647C686B286AE155004E745C /* Vocabulary App */ = {
			isa = PBXGroup;
			children = (
				647C6870286AE155004E745C /* ViewController.swift */,
				647C68B7286AF63F004E745C /* Vocabularies.swift */,
				641702C72872A11500DE9016 /* Save.swift */,
				64074647286D6ACD00941D38 /* Synthesizer.swift */,
				64074671286D8E2200941D38 /* Spinner.swift */,
				6426FDC8286F167400B99293 /* Voc Test */,
				64EAEE9228854C720024D084 /* Voc Card */,
				64EAEE9128854C3E0024D084 /* Voc Collection */,
				6426FDC7286F165C00B99293 /* Voc List */,
				6421B4582873E79F006E56BA /* Games */,
				647C686C286AE155004E745C /* AppDelegate.swift */,
				647C686E286AE155004E745C /* SceneDelegate.swift */,
				647C6872286AE155004E745C /* Main.storyboard */,
				647C6877286AE157004E745C /* LaunchScreen.storyboard */,
				647C6875286AE157004E745C /* Assets.xcassets */,
				647C687A286AE157004E745C /* Info.plist */,
				647C6882286AE3DF004E745C /* alphabet */,
			);
			path = "Vocabulary App";
			sourceTree = "<group>";
		};
		647C6882286AE3DF004E745C /* alphabet */ = {
			isa = PBXGroup;
			children = (
				647C6883286AE3DF004E745C /* J.txt */,
				647C6884286AE3DF004E745C /* K.txt */,
				647C6885286AE3DF004E745C /* I.txt */,
				647C6886286AE3DF004E745C /* H.txt */,
				647C6887286AE3DF004E745C /* L.txt */,
				647C6888286AE3DF004E745C /* Z.txt */,
				647C6889286AE3DF004E745C /* M.txt */,
				647C688A286AE3DF004E745C /* O.txt */,
				647C688B286AE3DF004E745C /* X.txt */,
				647C688C286AE3DF004E745C /* Y.txt */,
				647C688D286AE3DF004E745C /* N.txt */,
				647C688E286AE3DF004E745C /* C.txt */,
				647C688F286AE3DF004E745C /* T.txt */,
				647C6890286AE3DF004E745C /* U.txt */,
				647C6891286AE3DF004E745C /* B.txt */,
				647C6892286AE3DF004E745C /* W.txt */,
				647C6893286AE3DF004E745C /* V.txt */,
				647C6894286AE3DF004E745C /* A.txt */,
				647C6895286AE3DF004E745C /* R.txt */,
				647C6896286AE3DF004E745C /* E.txt */,
				647C6897286AE3DF004E745C /* D.txt */,
				647C6898286AE3DF004E745C /* S.txt */,
				647C6899286AE3DF004E745C /* Q.txt */,
				647C689A286AE3DF004E745C /* F.txt */,
				647C689B286AE3DF004E745C /* G.txt */,
				647C689C286AE3DF004E745C /* P.txt */,
			);
			path = alphabet;
			sourceTree = "<group>";
		};
		64EAEE9128854C3E0024D084 /* Voc Collection */ = {
			isa = PBXGroup;
			children = (
				646FA1B8286C5774007FE487 /* CollectionTableViewController.swift */,
				646FA1B6286C5759007FE487 /* CollectionTableViewCell.swift */,
			);
			path = "Voc Collection";
			sourceTree = "<group>";
		};
		64EAEE9228854C720024D084 /* Voc Card */ = {
			isa = PBXGroup;
			children = (
				6407466F286D888400941D38 /* CardCollectionViewCCollectionViewController.swift */,
				6407466D286D887700941D38 /* CardCollectionViewCell.swift */,
			);
			path = "Voc Card";
			sourceTree = "<group>";
		};
/* End PBXGroup section */

/* Begin PBXNativeTarget section */
		647C6868286AE155004E745C /* Vocabulary App */ = {
			isa = PBXNativeTarget;
			buildConfigurationList = 647C687D286AE157004E745C /* Build configuration list for PBXNativeTarget "Vocabulary App" */;
			buildPhases = (
				647C6865286AE155004E745C /* Sources */,
				647C6866286AE155004E745C /* Frameworks */,
				647C6867286AE155004E745C /* Resources */,
			);
			buildRules = (
			);
			dependencies = (
			);
			name = "Vocabulary App";
			productName = "Vocabulary App";
			productReference = 647C6869286AE155004E745C /* Vocabulary App.app */;
			productType = "com.apple.product-type.application";
		};
/* End PBXNativeTarget section */

/* Begin PBXProject section */
		647C6861286AE155004E745C /* Project object */ = {
			isa = PBXProject;
			attributes = {
				BuildIndependentTargetsInParallel = 1;
				LastSwiftUpdateCheck = 1330;
				LastUpgradeCheck = 1330;
				TargetAttributes = {
					647C6868286AE155004E745C = {
						CreatedOnToolsVersion = 13.3.1;
					};
				};
			};
			buildConfigurationList = 647C6864286AE155004E745C /* Build configuration list for PBXProject "Vocabulary App" */;
			compatibilityVersion = "Xcode 13.0";
			developmentRegion = en;
			hasScannedForEncodings = 0;
			knownRegions = (
				en,
				Base,
			);
			mainGroup = 647C6860286AE155004E745C;
			productRefGroup = 647C686A286AE155004E745C /* Products */;
			projectDirPath = "";
			projectRoot = "";
			targets = (
				647C6868286AE155004E745C /* Vocabulary App */,
			);
		};
/* End PBXProject section */

/* Begin PBXResourcesBuildPhase section */
		647C6867286AE155004E745C /* Resources */ = {
			isa = PBXResourcesBuildPhase;
			buildActionMask = 2147483647;
			files = (
				647C68A8286AE3DF004E745C /* C.txt in Resources */,
				647C68A4286AE3DF004E745C /* O.txt in Resources */,
				647C68A3286AE3DF004E745C /* M.txt in Resources */,
				647C68A2286AE3DF004E745C /* Z.txt in Resources */,
				647C68B3286AE3DF004E745C /* Q.txt in Resources */,
				647C68A6286AE3DF004E745C /* Y.txt in Resources */,
				647C68AA286AE3DF004E745C /* U.txt in Resources */,
				647C68A5286AE3DF004E745C /* X.txt in Resources */,
				647C68A7286AE3DF004E745C /* N.txt in Resources */,
				647C68B2286AE3DF004E745C /* S.txt in Resources */,
				647C68AC286AE3DF004E745C /* W.txt in Resources */,
				647C68A9286AE3DF004E745C /* T.txt in Resources */,
				647C68AB286AE3DF004E745C /* B.txt in Resources */,
				647C68AF286AE3DF004E745C /* R.txt in Resources */,
				647C68B6286AE3DF004E745C /* P.txt in Resources */,
				647C689F286AE3DF004E745C /* I.txt in Resources */,
				647C68B4286AE3DF004E745C /* F.txt in Resources */,
				647C68A0286AE3DF004E745C /* H.txt in Resources */,
				647C6879286AE157004E745C /* LaunchScreen.storyboard in Resources */,
				647C68B1286AE3DF004E745C /* D.txt in Resources */,
				647C689D286AE3DF004E745C /* J.txt in Resources */,
				647C68AE286AE3DF004E745C /* A.txt in Resources */,
				647C6876286AE157004E745C /* Assets.xcassets in Resources */,
				647C6874286AE155004E745C /* Main.storyboard in Resources */,
				647C68B0286AE3DF004E745C /* E.txt in Resources */,
				647C68AD286AE3DF004E745C /* V.txt in Resources */,
				647C689E286AE3DF004E745C /* K.txt in Resources */,
				647C68B5286AE3DF004E745C /* G.txt in Resources */,
				647C68A1286AE3DF004E745C /* L.txt in Resources */,
			);
			runOnlyForDeploymentPostprocessing = 0;
		};
/* End PBXResourcesBuildPhase section */

/* Begin PBXSourcesBuildPhase section */
		647C6865286AE155004E745C /* Sources */ = {
			isa = PBXSourcesBuildPhase;
			buildActionMask = 2147483647;
			files = (
				6426FDC6286EE74100B99293 /* SpellingTestViewController.swift in Sources */,
				64074648286D6ACD00941D38 /* Synthesizer.swift in Sources */,
				6426FDC4286EDD1700B99293 /* SpellingEditingViewController.swift in Sources */,
				647C6871286AE155004E745C /* ViewController.swift in Sources */,
				641702CA2872A8E800DE9016 /* TapMowGameViewController.swift in Sources */,
				6426FDC0286EBB5900B99293 /* TestViewController.swift in Sources */,
				641702D02872AC9A00DE9016 /* TapMowGameSettingViewController.swift in Sources */,
				646FA1B9286C5774007FE487 /* CollectionTableViewController.swift in Sources */,
				6421B45C2873EDC3006E56BA /* SpellingGameViewController.swift in Sources */,
				6426FDBC286EB4FA00B99293 /* Questions.swift in Sources */,
				6407466E286D887700941D38 /* CardCollectionViewCell.swift in Sources */,
				64074672286D8E2200941D38 /* Spinner.swift in Sources */,
				6421B45E2873FFCD006E56BA /* SpellingGameSettingViewController.swift in Sources */,
				647C68B8286AF63F004E745C /* Vocabularies.swift in Sources */,
				647C68BC286B101D004E745C /* VocListTableViewController.swift in Sources */,
				647C686D286AE155004E745C /* AppDelegate.swift in Sources */,
				641702C82872A11500DE9016 /* Save.swift in Sources */,
				6414C6F128702E72008A40FA /* MemoryGameCollectionViewCell.swift in Sources */,
				64074670286D888400941D38 /* CardCollectionViewCCollectionViewController.swift in Sources */,
				6414C6EF28702D07008A40FA /* MemoryGameCollectionViewController.swift in Sources */,
				6426FDBE286EBA9600B99293 /* ChooseEditViewController.swift in Sources */,
				6414C6F52870812E008A40FA /* MemoryGameCollectionReusableView.swift in Sources */,
				647C686F286AE155004E745C /* SceneDelegate.swift in Sources */,
				647C68BA286B03D3004E745C /* AlphabetsViewController.swift in Sources */,
				6414C6F328707DF3008A40FA /* MemoryGameSettingViewController.swift in Sources */,
				641702CC2872A9A600DE9016 /* TapMowGameCollectionViewCell.swift in Sources */,
				647C68BE286B10BE004E745C /* VocListTableViewCell.swift in Sources */,
				6426FDC2286EC53A00B99293 /* ChoosingTestViewController.swift in Sources */,
				646FA1B7286C5759007FE487 /* CollectionTableViewCell.swift in Sources */,
			);
			runOnlyForDeploymentPostprocessing = 0;
		};
/* End PBXSourcesBuildPhase section */

/* Begin PBXVariantGroup section */
		647C6872286AE155004E745C /* Main.storyboard */ = {
			isa = PBXVariantGroup;
			children = (
				647C6873286AE155004E745C /* Base */,
			);
			name = Main.storyboard;
			sourceTree = "<group>";
		};
		647C6877286AE157004E745C /* LaunchScreen.storyboard */ = {
			isa = PBXVariantGroup;
			children = (
				647C6878286AE157004E745C /* Base */,
			);
			name = LaunchScreen.storyboard;
			sourceTree = "<group>";
		};
/* End PBXVariantGroup section */

/* Begin XCBuildConfiguration section */
		647C687B286AE157004E745C /* Debug */ = {
			isa = XCBuildConfiguration;
			buildSettings = {
				ALWAYS_SEARCH_USER_PATHS = NO;
				CLANG_ANALYZER_NONNULL = YES;
				CLANG_ANALYZER_NUMBER_OBJECT_CONVERSION = YES_AGGRESSIVE;
				CLANG_CXX_LANGUAGE_STANDARD = "gnu++17";
				CLANG_ENABLE_MODULES = YES;
				CLANG_ENABLE_OBJC_ARC = YES;
				CLANG_ENABLE_OBJC_WEAK = YES;
				CLANG_WARN_BLOCK_CAPTURE_AUTORELEASING = YES;
				CLANG_WARN_BOOL_CONVERSION = YES;
				CLANG_WARN_COMMA = YES;
				CLANG_WARN_CONSTANT_CONVERSION = YES;
				CLANG_WARN_DEPRECATED_OBJC_IMPLEMENTATIONS = YES;
				CLANG_WARN_DIRECT_OBJC_ISA_USAGE = YES_ERROR;
				CLANG_WARN_DOCUMENTATION_COMMENTS = YES;
				CLANG_WARN_EMPTY_BODY = YES;
				CLANG_WARN_ENUM_CONVERSION = YES;
				CLANG_WARN_INFINITE_RECURSION = YES;
				CLANG_WARN_INT_CONVERSION = YES;
				CLANG_WARN_NON_LITERAL_NULL_CONVERSION = YES;
				CLANG_WARN_OBJC_IMPLICIT_RETAIN_SELF = YES;
				CLANG_WARN_OBJC_LITERAL_CONVERSION = YES;
				CLANG_WARN_OBJC_ROOT_CLASS = YES_ERROR;
				CLANG_WARN_QUOTED_INCLUDE_IN_FRAMEWORK_HEADER = YES;
				CLANG_WARN_RANGE_LOOP_ANALYSIS = YES;
				CLANG_WARN_STRICT_PROTOTYPES = YES;
				CLANG_WARN_SUSPICIOUS_MOVE = YES;
				CLANG_WARN_UNGUARDED_AVAILABILITY = YES_AGGRESSIVE;
				CLANG_WARN_UNREACHABLE_CODE = YES;
				CLANG_WARN__DUPLICATE_METHOD_MATCH = YES;
				COPY_PHASE_STRIP = NO;
				DEBUG_INFORMATION_FORMAT = dwarf;
				ENABLE_STRICT_OBJC_MSGSEND = YES;
				ENABLE_TESTABILITY = YES;
				GCC_C_LANGUAGE_STANDARD = gnu11;
				GCC_DYNAMIC_NO_PIC = NO;
				GCC_NO_COMMON_BLOCKS = YES;
				GCC_OPTIMIZATION_LEVEL = 0;
				GCC_PREPROCESSOR_DEFINITIONS = (
					"DEBUG=1",
					"$(inherited)",
				);
				GCC_WARN_64_TO_32_BIT_CONVERSION = YES;
				GCC_WARN_ABOUT_RETURN_TYPE = YES_ERROR;
				GCC_WARN_UNDECLARED_SELECTOR = YES;
				GCC_WARN_UNINITIALIZED_AUTOS = YES_AGGRESSIVE;
				GCC_WARN_UNUSED_FUNCTION = YES;
				GCC_WARN_UNUSED_VARIABLE = YES;
				IPHONEOS_DEPLOYMENT_TARGET = 15.4;
				MTL_ENABLE_DEBUG_INFO = INCLUDE_SOURCE;
				MTL_FAST_MATH = YES;
				ONLY_ACTIVE_ARCH = YES;
				SDKROOT = iphoneos;
				SWIFT_ACTIVE_COMPILATION_CONDITIONS = DEBUG;
				SWIFT_OPTIMIZATION_LEVEL = "-Onone";
			};
			name = Debug;
		};
		647C687C286AE157004E745C /* Release */ = {
			isa = XCBuildConfiguration;
			buildSettings = {
				ALWAYS_SEARCH_USER_PATHS = NO;
				CLANG_ANALYZER_NONNULL = YES;
				CLANG_ANALYZER_NUMBER_OBJECT_CONVERSION = YES_AGGRESSIVE;
				CLANG_CXX_LANGUAGE_STANDARD = "gnu++17";
				CLANG_ENABLE_MODULES = YES;
				CLANG_ENABLE_OBJC_ARC = YES;
				CLANG_ENABLE_OBJC_WEAK = YES;
				CLANG_WARN_BLOCK_CAPTURE_AUTORELEASING = YES;
				CLANG_WARN_BOOL_CONVERSION = YES;
				CLANG_WARN_COMMA = YES;
				CLANG_WARN_CONSTANT_CONVERSION = YES;
				CLANG_WARN_DEPRECATED_OBJC_IMPLEMENTATIONS = YES;
				CLANG_WARN_DIRECT_OBJC_ISA_USAGE = YES_ERROR;
				CLANG_WARN_DOCUMENTATION_COMMENTS = YES;
				CLANG_WARN_EMPTY_BODY = YES;
				CLANG_WARN_ENUM_CONVERSION = YES;
				CLANG_WARN_INFINITE_RECURSION = YES;
				CLANG_WARN_INT_CONVERSION = YES;
				CLANG_WARN_NON_LITERAL_NULL_CONVERSION = YES;
				CLANG_WARN_OBJC_IMPLICIT_RETAIN_SELF = YES;
				CLANG_WARN_OBJC_LITERAL_CONVERSION = YES;
				CLANG_WARN_OBJC_ROOT_CLASS = YES_ERROR;
				CLANG_WARN_QUOTED_INCLUDE_IN_FRAMEWORK_HEADER = YES;
				CLANG_WARN_RANGE_LOOP_ANALYSIS = YES;
				CLANG_WARN_STRICT_PROTOTYPES = YES;
				CLANG_WARN_SUSPICIOUS_MOVE = YES;
				CLANG_WARN_UNGUARDED_AVAILABILITY = YES_AGGRESSIVE;
				CLANG_WARN_UNREACHABLE_CODE = YES;
				CLANG_WARN__DUPLICATE_METHOD_MATCH = YES;
				COPY_PHASE_STRIP = NO;
				DEBUG_INFORMATION_FORMAT = "dwarf-with-dsym";
				ENABLE_NS_ASSERTIONS = NO;
				ENABLE_STRICT_OBJC_MSGSEND = YES;
				GCC_C_LANGUAGE_STANDARD = gnu11;
				GCC_NO_COMMON_BLOCKS = YES;
				GCC_WARN_64_TO_32_BIT_CONVERSION = YES;
				GCC_WARN_ABOUT_RETURN_TYPE = YES_ERROR;
				GCC_WARN_UNDECLARED_SELECTOR = YES;
				GCC_WARN_UNINITIALIZED_AUTOS = YES_AGGRESSIVE;
				GCC_WARN_UNUSED_FUNCTION = YES;
				GCC_WARN_UNUSED_VARIABLE = YES;
				IPHONEOS_DEPLOYMENT_TARGET = 15.4;
				MTL_ENABLE_DEBUG_INFO = NO;
				MTL_FAST_MATH = YES;
				SDKROOT = iphoneos;
				SWIFT_COMPILATION_MODE = wholemodule;
				SWIFT_OPTIMIZATION_LEVEL = "-O";
				VALIDATE_PRODUCT = YES;
			};
			name = Release;
		};
		647C687E286AE157004E745C /* Debug */ = {
			isa = XCBuildConfiguration;
			buildSettings = {
				ASSETCATALOG_COMPILER_APPICON_NAME = AppIcon;
				ASSETCATALOG_COMPILER_GLOBAL_ACCENT_COLOR_NAME = AccentColor;
				CODE_SIGN_STYLE = Automatic;
				CURRENT_PROJECT_VERSION = 1;
				DEVELOPMENT_TEAM = Z4822F8J4X;
				GENERATE_INFOPLIST_FILE = YES;
				INFOPLIST_FILE = "Vocabulary App/Info.plist";
				INFOPLIST_KEY_CFBundleDisplayName = "26字母單字庫";
				INFOPLIST_KEY_UIApplicationSupportsIndirectInputEvents = YES;
				INFOPLIST_KEY_UILaunchStoryboardName = LaunchScreen;
				INFOPLIST_KEY_UIMainStoryboardFile = Main;
				INFOPLIST_KEY_UISupportedInterfaceOrientations_iPad = "UIInterfaceOrientationPortrait UIInterfaceOrientationPortraitUpsideDown UIInterfaceOrientationLandscapeLeft UIInterfaceOrientationLandscapeRight";
				INFOPLIST_KEY_UISupportedInterfaceOrientations_iPhone = "UIInterfaceOrientationPortrait UIInterfaceOrientationLandscapeLeft UIInterfaceOrientationLandscapeRight";
				LD_RUNPATH_SEARCH_PATHS = (
					"$(inherited)",
					"@executable_path/Frameworks",
				);
				MARKETING_VERSION = 1.0;
				PRODUCT_BUNDLE_IDENTIFIER = "com.chris.Vocabulary-App";
				PRODUCT_NAME = "$(TARGET_NAME)";
				SWIFT_EMIT_LOC_STRINGS = YES;
				SWIFT_VERSION = 5.0;
				TARGETED_DEVICE_FAMILY = 1;
			};
			name = Debug;
		};
		647C687F286AE157004E745C /* Release */ = {
			isa = XCBuildConfiguration;
			buildSettings = {
				ASSETCATALOG_COMPILER_APPICON_NAME = AppIcon;
				ASSETCATALOG_COMPILER_GLOBAL_ACCENT_COLOR_NAME = AccentColor;
				CODE_SIGN_STYLE = Automatic;
				CURRENT_PROJECT_VERSION = 1;
				DEVELOPMENT_TEAM = Z4822F8J4X;
				GENERATE_INFOPLIST_FILE = YES;
				INFOPLIST_FILE = "Vocabulary App/Info.plist";
				INFOPLIST_KEY_CFBundleDisplayName = "26字母單字庫";
				INFOPLIST_KEY_UIApplicationSupportsIndirectInputEvents = YES;
				INFOPLIST_KEY_UILaunchStoryboardName = LaunchScreen;
				INFOPLIST_KEY_UIMainStoryboardFile = Main;
				INFOPLIST_KEY_UISupportedInterfaceOrientations_iPad = "UIInterfaceOrientationPortrait UIInterfaceOrientationPortraitUpsideDown UIInterfaceOrientationLandscapeLeft UIInterfaceOrientationLandscapeRight";
				INFOPLIST_KEY_UISupportedInterfaceOrientations_iPhone = "UIInterfaceOrientationPortrait UIInterfaceOrientationLandscapeLeft UIInterfaceOrientationLandscapeRight";
				LD_RUNPATH_SEARCH_PATHS = (
					"$(inherited)",
					"@executable_path/Frameworks",
				);
				MARKETING_VERSION = 1.0;
				PRODUCT_BUNDLE_IDENTIFIER = "com.chris.Vocabulary-App";
				PRODUCT_NAME = "$(TARGET_NAME)";
				SWIFT_EMIT_LOC_STRINGS = YES;
				SWIFT_VERSION = 5.0;
				TARGETED_DEVICE_FAMILY = 1;
			};
			name = Release;
		};
/* End XCBuildConfiguration section */

/* Begin XCConfigurationList section */
		647C6864286AE155004E745C /* Build configuration list for PBXProject "Vocabulary App" */ = {
			isa = XCConfigurationList;
			buildConfigurations = (
				647C687B286AE157004E745C /* Debug */,
				647C687C286AE157004E745C /* Release */,
			);
			defaultConfigurationIsVisible = 0;
			defaultConfigurationName = Release;
		};
		647C687D286AE157004E745C /* Build configuration list for PBXNativeTarget "Vocabulary App" */ = {
			isa = XCConfigurationList;
			buildConfigurations = (
				647C687E286AE157004E745C /* Debug */,
				647C687F286AE157004E745C /* Release */,
			);
			defaultConfigurationIsVisible = 0;
			defaultConfigurationName = Release;
		};
/* End XCConfigurationList section */
	};
	rootObject = 647C6861286AE155004E745C /* Project object */;
}
